
Microsoft Visual Studio Solution File, Format Version 12.00
# Visual Studio Version 17
VisualStudioVersion = 17.3.32819.101
MinimumVisualStudioVersion = 10.0.40219.1
Project("{FAE04EC0-301F-11D3-BF4B-00C04F79EFBC}") = "Benchmark", "Benchmark\Benchmark.csproj", "{075F9F90-8CF6-4EDF-B360-B8AE63E9CE61}"
EndProject
Global
	GlobalSection(SolutionConfigurationPlatforms) = preSolution
		Debug|Any CPU = Debug|Any CPU
		Release|Any CPU = Release|Any CPU
	EndGlobalSection
	GlobalSection(ProjectConfigurationPlatforms) = postSolution
		{075F9F90-8CF6-4EDF-B360-B8AE63E9CE61}.Debug|Any CPU.ActiveCfg = Debug|Any CPU
		{075F9F90-8CF6-4EDF-B360-B8AE63E9CE61}.Debug|Any CPU.Build.0 = Debug|Any CPU
		{075F9F90-8CF6-4EDF-B360-B8AE63E9CE61}.Release|Any CPU.ActiveCfg = Release|Any CPU
		{075F9F90-8CF6-4EDF-B360-B8AE63E9CE61}.Release|Any CPU.Build.0 = Release|Any CPU
	EndGlobalSection
	GlobalSection(SolutionProperties) = preSolution
		HideSolutionNode = FALSE
	EndGlobalSection
	GlobalSection(ExtensibilityGlobals) = postSolution
		SolutionGuid = {7E7E7C88-6BC0-4241-A4AD-7EFFE6F99B8E}
	EndGlobalSection
EndGlobal
